
Microsoft Visual Studio Solution File, Format Version 9.00
# Visual Studio 2005
Project("{FAE04EC0-301F-11D3-BF4B-00C04F79EFBC}") = "PGVDemo", "PGVDemo\PGVDemo.csproj", "{D360BD98-15E9-43F3-AF87-FC2F705AF8BF}"
EndProject
Global
	GlobalSection(SolutionConfigurationPlatforms) = preSolution
		Debug|Any CPU = Debug|Any CPU
		Release|Any CPU = Release|Any CPU
	EndGlobalSection
	GlobalSection(ProjectConfigurationPlatforms) = postSolution
		{D360BD98-15E9-43F3-AF87-FC2F705AF8BF}.Debug|Any CPU.ActiveCfg = Debug|Any CPU
		{D360BD98-15E9-43F3-AF87-FC2F705AF8BF}.Debug|Any CPU.Build.0 = Debug|Any CPU
		{D360BD98-15E9-43F3-AF87-FC2F705AF8BF}.Release|Any CPU.ActiveCfg = Release|Any CPU
		{D360BD98-15E9-43F3-AF87-FC2F705AF8BF}.Release|Any CPU.Build.0 = Release|Any CPU
	EndGlobalSection
	GlobalSection(SolutionProperties) = preSolution
		HideSolutionNode = FALSE
	EndGlobalSection
EndGlobal
